
Microsoft Visual Studio Solution File, Format Version 12.00
# Visual Studio Version 17
VisualStudioVersion = 17.5.002.0
MinimumVisualStudioVersion = 10.0.40219.1
Project("{9A19103F-16F7-4668-BE54-9A1E7A4F7556}") = "POO-dotnet", "POO-dotnet.csproj", "{F4A2AB87-BF2B-4106-B380-9B39E9F4EFF9}"
EndProject
Global
	GlobalSection(SolutionConfigurationPlatforms) = preSolution
		Debug|Any CPU = Debug|Any CPU
		Release|Any CPU = Release|Any CPU
	EndGlobalSection
	GlobalSection(ProjectConfigurationPlatforms) = postSolution
		{F4A2AB87-BF2B-4106-B380-9B39E9F4EFF9}.Debug|Any CPU.ActiveCfg = Debug|Any CPU
		{F4A2AB87-BF2B-4106-B380-9B39E9F4EFF9}.Debug|Any CPU.Build.0 = Debug|Any CPU
		{F4A2AB87-BF2B-4106-B380-9B39E9F4EFF9}.Release|Any CPU.ActiveCfg = Release|Any CPU
		{F4A2AB87-BF2B-4106-B380-9B39E9F4EFF9}.Release|Any CPU.Build.0 = Release|Any CPU
	EndGlobalSection
	GlobalSection(SolutionProperties) = preSolution
		HideSolutionNode = FALSE
	EndGlobalSection
	GlobalSection(ExtensibilityGlobals) = postSolution
		SolutionGuid = {EF1E27B6-FD3B-49BF-BFC9-BEE739D131AF}
	EndGlobalSection
EndGlobal
